
Microsoft Visual Studio Solution File, Format Version 12.00
# Visual Studio Version 17
VisualStudioVersion = 17.4.33205.214
MinimumVisualStudioVersion = 10.0.40219.1
Project("{FAE04EC0-301F-11D3-BF4B-00C04F79EFBC}") = "Габитов_Михаил_Маратович_9", "Габитов_Михаил_Маратович_9\Габитов_Михаил_Маратович_9.csproj", "{64F80FFC-A67A-428F-A136-4638561A5A18}"
EndProject
Global
	GlobalSection(SolutionConfigurationPlatforms) = preSolution
		Debug|Any CPU = Debug|Any CPU
		Release|Any CPU = Release|Any CPU
	EndGlobalSection
	GlobalSection(ProjectConfigurationPlatforms) = postSolution
		{64F80FFC-A67A-428F-A136-4638561A5A18}.Debug|Any CPU.ActiveCfg = Debug|Any CPU
		{64F80FFC-A67A-428F-A136-4638561A5A18}.Debug|Any CPU.Build.0 = Debug|Any CPU
		{64F80FFC-A67A-428F-A136-4638561A5A18}.Release|Any CPU.ActiveCfg = Release|Any CPU
		{64F80FFC-A67A-428F-A136-4638561A5A18}.Release|Any CPU.Build.0 = Release|Any CPU
	EndGlobalSection
	GlobalSection(SolutionProperties) = preSolution
		HideSolutionNode = FALSE
	EndGlobalSection
	GlobalSection(ExtensibilityGlobals) = postSolution
		SolutionGuid = {70D33A0B-CA4A-4E36-8319-38BE7A27D64E}
	EndGlobalSection
EndGlobal
